
Microsoft Visual Studio Solution File, Format Version 12.00
# Visual Studio Version 17
VisualStudioVersion = 17.0.31903.59
MinimumVisualStudioVersion = 10.0.40219.1
Project("{FAE04EC0-301F-11D3-BF4B-00C04F79EFBC}") = "EasyChatServer", "EasyChatServer\EasyChatServer.csproj", "{FC4EB62B-B078-4EC1-9CE7-414B6DC0521D}"
EndProject
Project("{FAE04EC0-301F-11D3-BF4B-00C04F79EFBC}") = "EasyChatServer.Tests", "EasyChatServer.Tests\EasyChatServer.Tests.csproj", "{07B60EFC-42B6-48EF-9D3B-8014AB075EA1}"
EndProject
Global
	GlobalSection(SolutionConfigurationPlatforms) = preSolution
		Debug|Any CPU = Debug|Any CPU
		Release|Any CPU = Release|Any CPU
	EndGlobalSection
	GlobalSection(SolutionProperties) = preSolution
		HideSolutionNode = FALSE
	EndGlobalSection
	GlobalSection(ProjectConfigurationPlatforms) = postSolution
		{FC4EB62B-B078-4EC1-9CE7-414B6DC0521D}.Debug|Any CPU.ActiveCfg = Debug|Any CPU
		{FC4EB62B-B078-4EC1-9CE7-414B6DC0521D}.Debug|Any CPU.Build.0 = Debug|Any CPU
		{FC4EB62B-B078-4EC1-9CE7-414B6DC0521D}.Release|Any CPU.ActiveCfg = Release|Any CPU
		{FC4EB62B-B078-4EC1-9CE7-414B6DC0521D}.Release|Any CPU.Build.0 = Release|Any CPU
		{07B60EFC-42B6-48EF-9D3B-8014AB075EA1}.Debug|Any CPU.ActiveCfg = Debug|Any CPU
		{07B60EFC-42B6-48EF-9D3B-8014AB075EA1}.Debug|Any CPU.Build.0 = Debug|Any CPU
		{07B60EFC-42B6-48EF-9D3B-8014AB075EA1}.Release|Any CPU.ActiveCfg = Release|Any CPU
		{07B60EFC-42B6-48EF-9D3B-8014AB075EA1}.Release|Any CPU.Build.0 = Release|Any CPU
	EndGlobalSection
EndGlobal
